
Microsoft Visual Studio Solution File, Format Version 12.00
# Visual Studio Version 17
VisualStudioVersion = 17.0.31912.275
MinimumVisualStudioVersion = 10.0.40219.1
Project("{9A19103F-16F7-4668-BE54-9A1E7A4F7556}") = "DataAccesLayer.Auxiliary", "DataAccesLayer.Auxiliary\DataAccesLayer.Auxiliary.csproj", "{ACCEA57D-56C4-4F9C-BC54-305F81E6CE5A}"
EndProject
Project("{9A19103F-16F7-4668-BE54-9A1E7A4F7556}") = "DataAccesLayer.DAL", "DataAccesLayer.DAL\DataAccesLayer.DAL.csproj", "{703D0F38-F1FF-4F1A-85CD-4740F1D98248}"
EndProject
Project("{9A19103F-16F7-4668-BE54-9A1E7A4F7556}") = "DataAccesLayer.DL", "DataAccesLayer.DL\DataAccesLayer.DL.csproj", "{6E770544-4B08-4DE6-BF6A-3B28810C1B06}"
EndProject
Project("{9A19103F-16F7-4668-BE54-9A1E7A4F7556}") = "DataAccesLayer.DTO", "DataAccesLayer.DTO\DataAccesLayer.DTO.csproj", "{DB0C95AF-F174-454A-BA68-75ECF6156FA7}"
EndProject
Project("{9A19103F-16F7-4668-BE54-9A1E7A4F7556}") = "DataAccesLayer.Test", "DataAccesLayer.Test\DataAccesLayer.Test.csproj", "{5E87CD81-7B87-474E-BBC7-F1317E773C8A}"
EndProject
Global
	GlobalSection(SolutionConfigurationPlatforms) = preSolution
		Debug|Any CPU = Debug|Any CPU
		Release|Any CPU = Release|Any CPU
	EndGlobalSection
	GlobalSection(ProjectConfigurationPlatforms) = postSolution
		{ACCEA57D-56C4-4F9C-BC54-305F81E6CE5A}.Debug|Any CPU.ActiveCfg = Debug|Any CPU
		{ACCEA57D-56C4-4F9C-BC54-305F81E6CE5A}.Debug|Any CPU.Build.0 = Debug|Any CPU
		{ACCEA57D-56C4-4F9C-BC54-305F81E6CE5A}.Release|Any CPU.ActiveCfg = Release|Any CPU
		{ACCEA57D-56C4-4F9C-BC54-305F81E6CE5A}.Release|Any CPU.Build.0 = Release|Any CPU
		{703D0F38-F1FF-4F1A-85CD-4740F1D98248}.Debug|Any CPU.ActiveCfg = Debug|Any CPU
		{703D0F38-F1FF-4F1A-85CD-4740F1D98248}.Debug|Any CPU.Build.0 = Debug|Any CPU
		{703D0F38-F1FF-4F1A-85CD-4740F1D98248}.Release|Any CPU.ActiveCfg = Release|Any CPU
		{703D0F38-F1FF-4F1A-85CD-4740F1D98248}.Release|Any CPU.Build.0 = Release|Any CPU
		{6E770544-4B08-4DE6-BF6A-3B28810C1B06}.Debug|Any CPU.ActiveCfg = Debug|Any CPU
		{6E770544-4B08-4DE6-BF6A-3B28810C1B06}.Debug|Any CPU.Build.0 = Debug|Any CPU
		{6E770544-4B08-4DE6-BF6A-3B28810C1B06}.Release|Any CPU.ActiveCfg = Release|Any CPU
		{6E770544-4B08-4DE6-BF6A-3B28810C1B06}.Release|Any CPU.Build.0 = Release|Any CPU
		{DB0C95AF-F174-454A-BA68-75ECF6156FA7}.Debug|Any CPU.ActiveCfg = Debug|Any CPU
		{DB0C95AF-F174-454A-BA68-75ECF6156FA7}.Debug|Any CPU.Build.0 = Debug|Any CPU
		{DB0C95AF-F174-454A-BA68-75ECF6156FA7}.Release|Any CPU.ActiveCfg = Release|Any CPU
		{DB0C95AF-F174-454A-BA68-75ECF6156FA7}.Release|Any CPU.Build.0 = Release|Any CPU
		{5E87CD81-7B87-474E-BBC7-F1317E773C8A}.Debug|Any CPU.ActiveCfg = Debug|Any CPU
		{5E87CD81-7B87-474E-BBC7-F1317E773C8A}.Debug|Any CPU.Build.0 = Debug|Any CPU
		{5E87CD81-7B87-474E-BBC7-F1317E773C8A}.Release|Any CPU.ActiveCfg = Release|Any CPU
		{5E87CD81-7B87-474E-BBC7-F1317E773C8A}.Release|Any CPU.Build.0 = Release|Any CPU
	EndGlobalSection
	GlobalSection(SolutionProperties) = preSolution
		HideSolutionNode = FALSE
	EndGlobalSection
	GlobalSection(ExtensibilityGlobals) = postSolution
		SolutionGuid = {B5E40792-48B8-461C-B993-5F91A3970795}
	EndGlobalSection
EndGlobal
