
Microsoft Visual Studio Solution File, Format Version 12.00
# Visual Studio Version 17
VisualStudioVersion = 17.0.31912.275
MinimumVisualStudioVersion = 10.0.40219.1
Project("{9A19103F-16F7-4668-BE54-9A1E7A4F7556}") = "EFNetCore6.Auxiliary", "EFNetCore6.Auxiliary\EFNetCore6.Auxiliary.csproj", "{EF9B71AC-3940-4AB4-8F74-02BC39AF33E1}"
EndProject
Project("{9A19103F-16F7-4668-BE54-9A1E7A4F7556}") = "EFNetCore6.DAL", "EFNetCore6.DAL\EFNetCore6.DAL.csproj", "{90AE2660-DF74-4687-BC75-AB9A1A9E0EF2}"
EndProject
Project("{9A19103F-16F7-4668-BE54-9A1E7A4F7556}") = "EFNetCore6.DL", "EFNetCore6.DL\EFNetCore6.DL.csproj", "{18DAD93E-FBF8-41E2-A66A-B609995A1215}"
EndProject
Project("{9A19103F-16F7-4668-BE54-9A1E7A4F7556}") = "EFNetCore6.DTO", "EFNetCore6.DTO\EFNetCore6.DTO.csproj", "{469F104F-37B2-4B27-ACB8-BC15C20A41BB}"
EndProject
Project("{9A19103F-16F7-4668-BE54-9A1E7A4F7556}") = "EFNetCore6.Test", "EFNetCore6.Test\EFNetCore6.Test.csproj", "{FA1E594F-B21F-4F9F-B462-22B893BB41F2}"
EndProject
Project("{9A19103F-16F7-4668-BE54-9A1E7A4F7556}") = "EFNetCore6.BL", "EFNetCore6.BL\EFNetCore6.BL.csproj", "{3DA5855E-58B1-4766-A4F6-8561494EFBC3}"
EndProject
Global
	GlobalSection(SolutionConfigurationPlatforms) = preSolution
		Debug|Any CPU = Debug|Any CPU
		Release|Any CPU = Release|Any CPU
	EndGlobalSection
	GlobalSection(ProjectConfigurationPlatforms) = postSolution
		{EF9B71AC-3940-4AB4-8F74-02BC39AF33E1}.Debug|Any CPU.ActiveCfg = Debug|Any CPU
		{EF9B71AC-3940-4AB4-8F74-02BC39AF33E1}.Debug|Any CPU.Build.0 = Debug|Any CPU
		{EF9B71AC-3940-4AB4-8F74-02BC39AF33E1}.Release|Any CPU.ActiveCfg = Release|Any CPU
		{EF9B71AC-3940-4AB4-8F74-02BC39AF33E1}.Release|Any CPU.Build.0 = Release|Any CPU
		{90AE2660-DF74-4687-BC75-AB9A1A9E0EF2}.Debug|Any CPU.ActiveCfg = Debug|Any CPU
		{90AE2660-DF74-4687-BC75-AB9A1A9E0EF2}.Debug|Any CPU.Build.0 = Debug|Any CPU
		{90AE2660-DF74-4687-BC75-AB9A1A9E0EF2}.Release|Any CPU.ActiveCfg = Release|Any CPU
		{90AE2660-DF74-4687-BC75-AB9A1A9E0EF2}.Release|Any CPU.Build.0 = Release|Any CPU
		{18DAD93E-FBF8-41E2-A66A-B609995A1215}.Debug|Any CPU.ActiveCfg = Debug|Any CPU
		{18DAD93E-FBF8-41E2-A66A-B609995A1215}.Debug|Any CPU.Build.0 = Debug|Any CPU
		{18DAD93E-FBF8-41E2-A66A-B609995A1215}.Release|Any CPU.ActiveCfg = Release|Any CPU
		{18DAD93E-FBF8-41E2-A66A-B609995A1215}.Release|Any CPU.Build.0 = Release|Any CPU
		{469F104F-37B2-4B27-ACB8-BC15C20A41BB}.Debug|Any CPU.ActiveCfg = Debug|Any CPU
		{469F104F-37B2-4B27-ACB8-BC15C20A41BB}.Debug|Any CPU.Build.0 = Debug|Any CPU
		{469F104F-37B2-4B27-ACB8-BC15C20A41BB}.Release|Any CPU.ActiveCfg = Release|Any CPU
		{469F104F-37B2-4B27-ACB8-BC15C20A41BB}.Release|Any CPU.Build.0 = Release|Any CPU
		{FA1E594F-B21F-4F9F-B462-22B893BB41F2}.Debug|Any CPU.ActiveCfg = Debug|Any CPU
		{FA1E594F-B21F-4F9F-B462-22B893BB41F2}.Debug|Any CPU.Build.0 = Debug|Any CPU
		{FA1E594F-B21F-4F9F-B462-22B893BB41F2}.Release|Any CPU.ActiveCfg = Release|Any CPU
		{FA1E594F-B21F-4F9F-B462-22B893BB41F2}.Release|Any CPU.Build.0 = Release|Any CPU
		{3DA5855E-58B1-4766-A4F6-8561494EFBC3}.Debug|Any CPU.ActiveCfg = Debug|Any CPU
		{3DA5855E-58B1-4766-A4F6-8561494EFBC3}.Debug|Any CPU.Build.0 = Debug|Any CPU
		{3DA5855E-58B1-4766-A4F6-8561494EFBC3}.Release|Any CPU.ActiveCfg = Release|Any CPU
		{3DA5855E-58B1-4766-A4F6-8561494EFBC3}.Release|Any CPU.Build.0 = Release|Any CPU
	EndGlobalSection
	GlobalSection(SolutionProperties) = preSolution
		HideSolutionNode = FALSE
	EndGlobalSection
	GlobalSection(ExtensibilityGlobals) = postSolution
		SolutionGuid = {B5E40792-48B8-461C-B993-5F91A3970795}
	EndGlobalSection
EndGlobal
